// !$*UTF8*$!
{
	archiveVersion = 1;
	classes = {
	};
	objectVersion = 48;
	objects = {

/* Begin PBXBuildFile section */
		E73A00221C692734001E7C83 /* Tests.swift in Sources */ = {isa = PBXBuildFile; fileRef = E73A00211C692734001E7C83 /* Tests.swift */; };
		E73A00241C692734001E7C83 /* Reductio.framework in Frameworks */ = {isa = PBXBuildFile; fileRef = E7D5B6761C503D6A00F4AC74 /* Reductio.framework */; };
		E74D9E771EB8DE76000EE828 /* Common.xcconfig in Resources */ = {isa = PBXBuildFile; fileRef = E74D9E701EB8DE76000EE828 /* Common.xcconfig */; };
		E74D9E781EB8DE76000EE828 /* Debug.xcconfig in Resources */ = {isa = PBXBuildFile; fileRef = E74D9E721EB8DE76000EE828 /* Debug.xcconfig */; };
		E74D9E7A1EB8DE76000EE828 /* Release.xcconfig in Resources */ = {isa = PBXBuildFile; fileRef = E74D9E741EB8DE76000EE828 /* Release.xcconfig */; };
		E74D9E7C1EB8DE76000EE828 /* Framework.xcconfig in Resources */ = {isa = PBXBuildFile; fileRef = E74D9E761EB8DE76000EE828 /* Framework.xcconfig */; };
		E75EE6831C8C97BF00B35225 /* Search.swift in Sources */ = {isa = PBXBuildFile; fileRef = E75EE6821C8C97BF00B35225 /* Search.swift */; };
		E75EE6851C8C98DD00B35225 /* Array+Combinations.swift in Sources */ = {isa = PBXBuildFile; fileRef = E75EE6841C8C98DD00B35225 /* Array+Combinations.swift */; };
		E75EE6891C8CA1F800B35225 /* Stemmer.swift in Sources */ = {isa = PBXBuildFile; fileRef = E75EE6881C8CA1F800B35225 /* Stemmer.swift */; };
		E75EE68B1C8CDB2F00B35225 /* Reductio.swift in Sources */ = {isa = PBXBuildFile; fileRef = E75EE68A1C8CDB2F00B35225 /* Reductio.swift */; };
		E760F0D71C63DA8C00E422F8 /* Sentence.swift in Sources */ = {isa = PBXBuildFile; fileRef = E760F0D61C63DA8C00E422F8 /* Sentence.swift */; };
		E760F0D91C63DE6300E422F8 /* Summarizer.swift in Sources */ = {isa = PBXBuildFile; fileRef = E760F0D81C63DE6300E422F8 /* Summarizer.swift */; };
		E7BBB8741C5FE82000759A68 /* TextRank.swift in Sources */ = {isa = PBXBuildFile; fileRef = E7BBB8731C5FE82000759A68 /* TextRank.swift */; };
		E7BBB8761C5FE90300759A68 /* Stopwords.swift in Sources */ = {isa = PBXBuildFile; fileRef = E7BBB8751C5FE90300759A68 /* Stopwords.swift */; };
		E7D5B67A1C503D6A00F4AC74 /* Reductio.h in Headers */ = {isa = PBXBuildFile; fileRef = E7D5B6791C503D6A00F4AC74 /* Reductio.h */; settings = {ATTRIBUTES = (Public, ); }; };
		E7E625271C8F84EC0032E434 /* Keyword.swift in Sources */ = {isa = PBXBuildFile; fileRef = E7E625261C8F84EC0032E434 /* Keyword.swift */; };
/* End PBXBuildFile section */

/* Begin PBXContainerItemProxy section */
		E73A00251C692734001E7C83 /* PBXContainerItemProxy */ = {
			isa = PBXContainerItemProxy;
			containerPortal = E7D5B66D1C503D6A00F4AC74 /* Project object */;
			proxyType = 1;
			remoteGlobalIDString = E7D5B6751C503D6A00F4AC74;
			remoteInfo = Reductio;
		};
/* End PBXContainerItemProxy section */

/* Begin PBXFileReference section */
		E73A001F1C692734001E7C83 /* Tests.xctest */ = {isa = PBXFileReference; explicitFileType = wrapper.cfbundle; includeInIndex = 0; path = Tests.xctest; sourceTree = BUILT_PRODUCTS_DIR; };
		E73A00211C692734001E7C83 /* Tests.swift */ = {isa = PBXFileReference; lastKnownFileType = sourcecode.swift; path = Tests.swift; sourceTree = "<group>"; };
		E73A00231C692734001E7C83 /* Info.plist */ = {isa = PBXFileReference; lastKnownFileType = text.plist.xml; path = Info.plist; sourceTree = "<group>"; };
		E74D9E701EB8DE76000EE828 /* Common.xcconfig */ = {isa = PBXFileReference; fileEncoding = 4; lastKnownFileType = text.xcconfig; path = Common.xcconfig; sourceTree = "<group>"; };
		E74D9E721EB8DE76000EE828 /* Debug.xcconfig */ = {isa = PBXFileReference; fileEncoding = 4; lastKnownFileType = text.xcconfig; path = Debug.xcconfig; sourceTree = "<group>"; };
		E74D9E741EB8DE76000EE828 /* Release.xcconfig */ = {isa = PBXFileReference; fileEncoding = 4; lastKnownFileType = text.xcconfig; path = Release.xcconfig; sourceTree = "<group>"; };
		E74D9E761EB8DE76000EE828 /* Framework.xcconfig */ = {isa = PBXFileReference; fileEncoding = 4; lastKnownFileType = text.xcconfig; path = Framework.xcconfig; sourceTree = "<group>"; };
		E75EE6821C8C97BF00B35225 /* Search.swift */ = {isa = PBXFileReference; fileEncoding = 4; lastKnownFileType = sourcecode.swift; path = Search.swift; sourceTree = "<group>"; };
		E75EE6841C8C98DD00B35225 /* Array+Combinations.swift */ = {isa = PBXFileReference; fileEncoding = 4; lastKnownFileType = sourcecode.swift; path = "Array+Combinations.swift"; sourceTree = "<group>"; };
		E75EE6881C8CA1F800B35225 /* Stemmer.swift */ = {isa = PBXFileReference; fileEncoding = 4; lastKnownFileType = sourcecode.swift; path = Stemmer.swift; sourceTree = "<group>"; };
		E75EE68A1C8CDB2F00B35225 /* Reductio.swift */ = {isa = PBXFileReference; fileEncoding = 4; lastKnownFileType = sourcecode.swift; path = Reductio.swift; sourceTree = "<group>"; };
		E760F0D61C63DA8C00E422F8 /* Sentence.swift */ = {isa = PBXFileReference; fileEncoding = 4; lastKnownFileType = sourcecode.swift; path = Sentence.swift; sourceTree = "<group>"; };
		E760F0D81C63DE6300E422F8 /* Summarizer.swift */ = {isa = PBXFileReference; fileEncoding = 4; lastKnownFileType = sourcecode.swift; path = Summarizer.swift; sourceTree = "<group>"; };
		E7BBB8731C5FE82000759A68 /* TextRank.swift */ = {isa = PBXFileReference; fileEncoding = 4; lastKnownFileType = sourcecode.swift; path = TextRank.swift; sourceTree = "<group>"; };
		E7BBB8751C5FE90300759A68 /* Stopwords.swift */ = {isa = PBXFileReference; fileEncoding = 4; lastKnownFileType = sourcecode.swift; path = Stopwords.swift; sourceTree = "<group>"; };
		E7D5B6761C503D6A00F4AC74 /* Reductio.framework */ = {isa = PBXFileReference; explicitFileType = wrapper.framework; includeInIndex = 0; path = Reductio.framework; sourceTree = BUILT_PRODUCTS_DIR; };
		E7D5B6791C503D6A00F4AC74 /* Reductio.h */ = {isa = PBXFileReference; lastKnownFileType = sourcecode.c.h; path = Reductio.h; sourceTree = "<group>"; };
		E7D5B67B1C503D6A00F4AC74 /* Info.plist */ = {isa = PBXFileReference; lastKnownFileType = text.plist.xml; path = Info.plist; sourceTree = "<group>"; };
		E7E625261C8F84EC0032E434 /* Keyword.swift */ = {isa = PBXFileReference; fileEncoding = 4; lastKnownFileType = sourcecode.swift; path = Keyword.swift; sourceTree = "<group>"; };
/* End PBXFileReference section */

/* Begin PBXFrameworksBuildPhase section */
		E73A001C1C692734001E7C83 /* Frameworks */ = {
			isa = PBXFrameworksBuildPhase;
			buildActionMask = 2147483647;
			files = (
				E73A00241C692734001E7C83 /* Reductio.framework in Frameworks */,
			);
			runOnlyForDeploymentPostprocessing = 0;
		};
		E7D5B6721C503D6A00F4AC74 /* Frameworks */ = {
			isa = PBXFrameworksBuildPhase;
			buildActionMask = 2147483647;
			files = (
			);
			runOnlyForDeploymentPostprocessing = 0;
		};
/* End PBXFrameworksBuildPhase section */

/* Begin PBXGroup section */
		E73A00201C692734001E7C83 /* Tests */ = {
			isa = PBXGroup;
			children = (
				E73A00211C692734001E7C83 /* Tests.swift */,
				E73A00231C692734001E7C83 /* Info.plist */,
			);
			path = Tests;
			sourceTree = "<group>";
		};
		E74D9E6F1EB8DE76000EE828 /* Configurations */ = {
			isa = PBXGroup;
			children = (
				E74D9E701EB8DE76000EE828 /* Common.xcconfig */,
				E74D9E761EB8DE76000EE828 /* Framework.xcconfig */,
				E74D9E711EB8DE76000EE828 /* Environments */,
			);
			path = Configurations;
			sourceTree = SOURCE_ROOT;
		};
		E74D9E711EB8DE76000EE828 /* Environments */ = {
			isa = PBXGroup;
			children = (
				E74D9E721EB8DE76000EE828 /* Debug.xcconfig */,
				E74D9E741EB8DE76000EE828 /* Release.xcconfig */,
			);
			path = Environments;
			sourceTree = "<group>";
		};
		E77598E21DC90FEE00C36753 /* Supporting Files */ = {
			isa = PBXGroup;
			children = (
				E7D5B6791C503D6A00F4AC74 /* Reductio.h */,
				E7D5B67B1C503D6A00F4AC74 /* Info.plist */,
			);
			name = "Supporting Files";
			path = Source;
			sourceTree = "<group>";
		};
		E7D5B66C1C503D6A00F4AC74 = {
			isa = PBXGroup;
			children = (
				E7D5B6781C503D6A00F4AC74 /* Source */,
				E74D9E6F1EB8DE76000EE828 /* Configurations */,
				E77598E21DC90FEE00C36753 /* Supporting Files */,
				E73A00201C692734001E7C83 /* Tests */,
				E7D5B6771C503D6A00F4AC74 /* Products */,
			);
			sourceTree = "<group>";
		};
		E7D5B6771C503D6A00F4AC74 /* Products */ = {
			isa = PBXGroup;
			children = (
				E7D5B6761C503D6A00F4AC74 /* Reductio.framework */,
				E73A001F1C692734001E7C83 /* Tests.xctest */,
			);
			name = Products;
			sourceTree = "<group>";
		};
		E7D5B6781C503D6A00F4AC74 /* Source */ = {
			isa = PBXGroup;
			children = (
				E75EE68A1C8CDB2F00B35225 /* Reductio.swift */,
				E75EE6841C8C98DD00B35225 /* Array+Combinations.swift */,
				E7E625261C8F84EC0032E434 /* Keyword.swift */,
				E75EE6821C8C97BF00B35225 /* Search.swift */,
				E760F0D61C63DA8C00E422F8 /* Sentence.swift */,
				E75EE6881C8CA1F800B35225 /* Stemmer.swift */,
				E7BBB8751C5FE90300759A68 /* Stopwords.swift */,
				E760F0D81C63DE6300E422F8 /* Summarizer.swift */,
				E7BBB8731C5FE82000759A68 /* TextRank.swift */,
			);
			path = Source;
			sourceTree = "<group>";
		};
/* End PBXGroup section */

/* Begin PBXHeadersBuildPhase section */
		E7D5B6731C503D6A00F4AC74 /* Headers */ = {
			isa = PBXHeadersBuildPhase;
			buildActionMask = 2147483647;
			files = (
				E7D5B67A1C503D6A00F4AC74 /* Reductio.h in Headers */,
			);
			runOnlyForDeploymentPostprocessing = 0;
		};
/* End PBXHeadersBuildPhase section */

/* Begin PBXNativeTarget section */
		E73A001E1C692734001E7C83 /* Tests */ = {
			isa = PBXNativeTarget;
			buildConfigurationList = E73A00271C692734001E7C83 /* Build configuration list for PBXNativeTarget "Tests" */;
			buildPhases = (
				E73A001B1C692734001E7C83 /* Sources */,
				E73A001C1C692734001E7C83 /* Frameworks */,
				E73A001D1C692734001E7C83 /* Resources */,
			);
			buildRules = (
			);
			dependencies = (
				E73A00261C692734001E7C83 /* PBXTargetDependency */,
			);
			name = Tests;
			productName = Tests;
			productReference = E73A001F1C692734001E7C83 /* Tests.xctest */;
			productType = "com.apple.product-type.bundle.unit-test";
		};
		E7D5B6751C503D6A00F4AC74 /* Reductio */ = {
			isa = PBXNativeTarget;
			buildConfigurationList = E7D5B67E1C503D6A00F4AC74 /* Build configuration list for PBXNativeTarget "Reductio" */;
			buildPhases = (
				E74D9E7D1EB8DEC7000EE828 /* Swift Lint */,
				E7D5B6711C503D6A00F4AC74 /* Sources */,
				E7D5B6721C503D6A00F4AC74 /* Frameworks */,
				E7D5B6731C503D6A00F4AC74 /* Headers */,
				E7D5B6741C503D6A00F4AC74 /* Resources */,
			);
			buildRules = (
			);
			dependencies = (
			);
			name = Reductio;
			productName = Reductio;
			productReference = E7D5B6761C503D6A00F4AC74 /* Reductio.framework */;
			productType = "com.apple.product-type.framework";
		};
/* End PBXNativeTarget section */

/* Begin PBXProject section */
		E7D5B66D1C503D6A00F4AC74 /* Project object */ = {
			isa = PBXProject;
			attributes = {
				LastSwiftUpdateCheck = 0720;
				LastUpgradeCheck = 0810;
				ORGANIZATIONNAME = fdzsergio;
				TargetAttributes = {
					E73A001E1C692734001E7C83 = {
						CreatedOnToolsVersion = 7.2.1;
						LastSwiftMigration = 0810;
						ProvisioningStyle = Automatic;
					};
					E7D5B6751C503D6A00F4AC74 = {
						CreatedOnToolsVersion = 7.2;
						LastSwiftMigration = 0810;
						ProvisioningStyle = Automatic;
					};
				};
			};
			buildConfigurationList = E7D5B6701C503D6A00F4AC74 /* Build configuration list for PBXProject "Reductio" */;
			compatibilityVersion = "Xcode 8.0";
			developmentRegion = English;
			hasScannedForEncodings = 0;
			knownRegions = (
				en,
			);
			mainGroup = E7D5B66C1C503D6A00F4AC74;
			productRefGroup = E7D5B6771C503D6A00F4AC74 /* Products */;
			projectDirPath = "";
			projectRoot = "";
			targets = (
				E7D5B6751C503D6A00F4AC74 /* Reductio */,
				E73A001E1C692734001E7C83 /* Tests */,
			);
		};
/* End PBXProject section */

/* Begin PBXResourcesBuildPhase section */
		E73A001D1C692734001E7C83 /* Resources */ = {
			isa = PBXResourcesBuildPhase;
			buildActionMask = 2147483647;
			files = (
			);
			runOnlyForDeploymentPostprocessing = 0;
		};
		E7D5B6741C503D6A00F4AC74 /* Resources */ = {
			isa = PBXResourcesBuildPhase;
			buildActionMask = 2147483647;
			files = (
				E74D9E7A1EB8DE76000EE828 /* Release.xcconfig in Resources */,
				E74D9E781EB8DE76000EE828 /* Debug.xcconfig in Resources */,
				E74D9E7C1EB8DE76000EE828 /* Framework.xcconfig in Resources */,
				E74D9E771EB8DE76000EE828 /* Common.xcconfig in Resources */,
			);
			runOnlyForDeploymentPostprocessing = 0;
		};
/* End PBXResourcesBuildPhase section */

/* Begin PBXShellScriptBuildPhase section */
		E74D9E7D1EB8DEC7000EE828 /* Swift Lint */ = {
			isa = PBXShellScriptBuildPhase;
			buildActionMask = 2147483647;
			files = (
			);
			inputPaths = (
			);
			name = "Swift Lint";
			outputPaths = (
			);
			runOnlyForDeploymentPostprocessing = 0;
			shellPath = /bin/sh;
			shellScript = "if which swiftlint >/dev/null; then\n    swiftlint\nelse\n    echo \"warning: SwiftLint not installed, download from https://github.com/realm/SwiftLint\"\nfi";
		};
/* End PBXShellScriptBuildPhase section */

/* Begin PBXSourcesBuildPhase section */
		E73A001B1C692734001E7C83 /* Sources */ = {
			isa = PBXSourcesBuildPhase;
			buildActionMask = 2147483647;
			files = (
				E73A00221C692734001E7C83 /* Tests.swift in Sources */,
			);
			runOnlyForDeploymentPostprocessing = 0;
		};
		E7D5B6711C503D6A00F4AC74 /* Sources */ = {
			isa = PBXSourcesBuildPhase;
			buildActionMask = 2147483647;
			files = (
				E7BBB8741C5FE82000759A68 /* TextRank.swift in Sources */,
				E7E625271C8F84EC0032E434 /* Keyword.swift in Sources */,
				E75EE6851C8C98DD00B35225 /* Array+Combinations.swift in Sources */,
				E7BBB8761C5FE90300759A68 /* Stopwords.swift in Sources */,
				E75EE68B1C8CDB2F00B35225 /* Reductio.swift in Sources */,
				E760F0D91C63DE6300E422F8 /* Summarizer.swift in Sources */,
				E760F0D71C63DA8C00E422F8 /* Sentence.swift in Sources */,
				E75EE6891C8CA1F800B35225 /* Stemmer.swift in Sources */,
				E75EE6831C8C97BF00B35225 /* Search.swift in Sources */,
			);
			runOnlyForDeploymentPostprocessing = 0;
		};
/* End PBXSourcesBuildPhase section */

/* Begin PBXTargetDependency section */
		E73A00261C692734001E7C83 /* PBXTargetDependency */ = {
			isa = PBXTargetDependency;
			target = E7D5B6751C503D6A00F4AC74 /* Reductio */;
			targetProxy = E73A00251C692734001E7C83 /* PBXContainerItemProxy */;
		};
/* End PBXTargetDependency section */

/* Begin XCBuildConfiguration section */
		E73A00281C692734001E7C83 /* Debug */ = {
			isa = XCBuildConfiguration;
			buildSettings = {
				INFOPLIST_FILE = Tests/Info.plist;
				PRODUCT_BUNDLE_IDENTIFIER = com.fdzsergio.Tests;
				PRODUCT_NAME = "$(TARGET_NAME)";
			};
			name = Debug;
		};
		E73A00291C692734001E7C83 /* Release */ = {
			isa = XCBuildConfiguration;
			buildSettings = {
				INFOPLIST_FILE = Tests/Info.plist;
				PRODUCT_BUNDLE_IDENTIFIER = com.fdzsergio.Tests;
				PRODUCT_NAME = "$(TARGET_NAME)";
			};
			name = Release;
		};
		E7D5B67C1C503D6A00F4AC74 /* Debug */ = {
			isa = XCBuildConfiguration;
			baseConfigurationReference = E74D9E721EB8DE76000EE828 /* Debug.xcconfig */;
			buildSettings = {
				IPHONEOS_DEPLOYMENT_TARGET = 8.0;
				SDKROOT = iphoneos;
			};
			name = Debug;
		};
		E7D5B67D1C503D6A00F4AC74 /* Release */ = {
			isa = XCBuildConfiguration;
			baseConfigurationReference = E74D9E741EB8DE76000EE828 /* Release.xcconfig */;
			buildSettings = {
				IPHONEOS_DEPLOYMENT_TARGET = 8.0;
				SDKROOT = iphoneos;
			};
			name = Release;
		};
		E7D5B67F1C503D6A00F4AC74 /* Debug */ = {
			isa = XCBuildConfiguration;
			buildSettings = {
				INFOPLIST_FILE = Source/Info.plist;
				PRODUCT_BUNDLE_IDENTIFIER = com.fdzsergio.Reductio;
				PRODUCT_NAME = "$(TARGET_NAME)";
			};
			name = Debug;
		};
		E7D5B6801C503D6A00F4AC74 /* Release */ = {
			isa = XCBuildConfiguration;
			buildSettings = {
				INFOPLIST_FILE = Source/Info.plist;
				PRODUCT_BUNDLE_IDENTIFIER = com.fdzsergio.Reductio;
				PRODUCT_NAME = "$(TARGET_NAME)";
			};
			name = Release;
		};
/* End XCBuildConfiguration section */

/* Begin XCConfigurationList section */
		E73A00271C692734001E7C83 /* Build configuration list for PBXNativeTarget "Tests" */ = {
			isa = XCConfigurationList;
			buildConfigurations = (
				E73A00281C692734001E7C83 /* Debug */,
				E73A00291C692734001E7C83 /* Release */,
			);
			defaultConfigurationIsVisible = 0;
			defaultConfigurationName = Release;
		};
		E7D5B6701C503D6A00F4AC74 /* Build configuration list for PBXProject "Reductio" */ = {
			isa = XCConfigurationList;
			buildConfigurations = (
				E7D5B67C1C503D6A00F4AC74 /* Debug */,
				E7D5B67D1C503D6A00F4AC74 /* Release */,
			);
			defaultConfigurationIsVisible = 0;
			defaultConfigurationName = Release;
		};
		E7D5B67E1C503D6A00F4AC74 /* Build configuration list for PBXNativeTarget "Reductio" */ = {
			isa = XCConfigurationList;
			buildConfigurations = (
				E7D5B67F1C503D6A00F4AC74 /* Debug */,
				E7D5B6801C503D6A00F4AC74 /* Release */,
			);
			defaultConfigurationIsVisible = 0;
			defaultConfigurationName = Release;
		};
/* End XCConfigurationList section */
	};
	rootObject = E7D5B66D1C503D6A00F4AC74 /* Project object */;
}
